<?xml version="1.0" encoding="utf-8"?>
<Project ToolsVersion="4.0" xmlns="http://schemas.microsoft.com/developer/msbuild/2003">
  <ItemGroup>
    <Filter Include="Resource Files">
      <UniqueIdentifier>{1a913106-0be0-4476-b0ce-2aa855072614}</UniqueIdentifier>
      <Extensions>ico;cur;bmp;dlg;rc2;rct;bin;cnt;rtf;gif;jpg;jpeg;jpe</Extensions>
    </Filter>
    <Filter Include="MFC">
      <UniqueIdentifier>{da904ee8-7f59-4a6c-b3ff-b91b6fb6d0ea}</UniqueIdentifier>
    </Filter>
    <Filter Include="GameLibrary">
      <UniqueIdentifier>{df7aa532-3fdf-46a0-b3fc-8f5922e8d9e4}</UniqueIdentifier>
    </Filter>
    <Filter Include="MyGame">
      <UniqueIdentifier>{0c798913-b7d2-4e26-8241-0f83266cd626}</UniqueIdentifier>
    </Filter>
    <Filter Include="MyGame\Layout">
      <UniqueIdentifier>{23fa268f-dc3d-4f53-8ca1-4cf5cc051d95}</UniqueIdentifier>
    </Filter>
    <Filter Include="MyGame\util">
      <UniqueIdentifier>{94120b84-1aef-4ad0-8bc4-cb8c52dda6ff}</UniqueIdentifier>
    </Filter>
    <Filter Include="MyGame\Level">
      <UniqueIdentifier>{1df22dd5-f400-42ac-9d11-13f06f0f8920}</UniqueIdentifier>
    </Filter>
  </ItemGroup>
  <ItemGroup>
    <None Include="RES\GAME.RC2">
      <Filter>Resource Files</Filter>
    </None>
  </ItemGroup>
  <ItemGroup>
    <ClCompile Include="Source\Library\audio.cpp">
      <Filter>GameLibrary</Filter>
    </ClCompile>
    <ClCompile Include="Source\Library\gamecore.cpp">
      <Filter>GameLibrary</Filter>
    </ClCompile>
    <ClCompile Include="Source\Library\gameutil.cpp">
      <Filter>GameLibrary</Filter>
    </ClCompile>
    <ClCompile Include="Source\Core\game.cpp">
      <Filter>MFC</Filter>
    </ClCompile>
    <ClCompile Include="Source\Core\gameDoc.cpp">
      <Filter>MFC</Filter>
    </ClCompile>
    <ClCompile Include="Source\Core\gameView.cpp">
      <Filter>MFC</Filter>
    </ClCompile>
    <ClCompile Include="Source\Core\MainFrm.cpp">
      <Filter>MFC</Filter>
    </ClCompile>
    <ClCompile Include="Source\Core\StdAfx.cpp">
      <Filter>MFC</Filter>
    </ClCompile>
    <ClCompile Include="Source\Game\mygame_initialize.cpp">
      <Filter>MyGame</Filter>
    </ClCompile>
    <ClCompile Include="Source\Game\mygame_over.cpp">
      <Filter>MyGame</Filter>
    </ClCompile>
    <ClCompile Include="Source\Game\mygame_run.cpp">
      <Filter>MyGame</Filter>
    </ClCompile>
    <ClCompile Include="Source\Game\Layout\start.cpp">
      <Filter>MyGame\Layout</Filter>
    </ClCompile>
    <ClCompile Include="Source\Game\Layout\choose_level.cpp">
      <Filter>MyGame\Layout</Filter>
    </ClCompile>
    <ClCompile Include="Source\Game\util\button.cpp">
      <Filter>MyGame\util</Filter>
    </ClCompile>
    <ClCompile Include="Source\Game\Level\level.cpp">
      <Filter>MyGame\Level</Filter>
    </ClCompile>
    <ClCompile Include="Source\Game\Level\object.cpp">
      <Filter>MyGame\Level</Filter>
    </ClCompile>
    <ClCompile Include="Source\Game\util\direction.cpp">
      <Filter>MyGame\util</Filter>
    </ClCompile>
    <ClCompile Include="Source\Game\audio_player.cpp" />
    <ClCompile Include="Source\Game\switch_scene.cpp" />
    <ClCompile Include="Source\Game\Level\level_status_animation.cpp">
      <Filter>MyGame\Level</Filter>
    </ClCompile>
    <ClCompile Include="Source\Game\Level\story.cpp">
      <Filter>MyGame\Level</Filter>
    </ClCompile>
  </ItemGroup>
  <ItemGroup>
    <ClInclude Include="Source\Library\audio.h">
      <Filter>GameLibrary</Filter>
    </ClInclude>
    <ClInclude Include="Source\Library\gamecore.h">
      <Filter>GameLibrary</Filter>
    </ClInclude>
    <ClInclude Include="Source\Library\gameutil.h">
      <Filter>GameLibrary</Filter>
    </ClInclude>
    <ClInclude Include="Source\Core\Game.h">
      <Filter>MFC</Filter>
    </ClInclude>
    <ClInclude Include="Source\Core\gameDoc.h">
      <Filter>MFC</Filter>
    </ClInclude>
    <ClInclude Include="Source\Core\gameView.h">
      <Filter>MFC</Filter>
    </ClInclude>
    <ClInclude Include="Source\Core\MainFrm.h">
      <Filter>MFC</Filter>
    </ClInclude>
    <ClInclude Include="Source\Core\Resource.h">
      <Filter>MFC</Filter>
    </ClInclude>
    <ClInclude Include="Source\Core\StdAfx.h">
      <Filter>MFC</Filter>
    </ClInclude>
    <ClInclude Include="Source\Game\mygame.h">
      <Filter>MyGame</Filter>
    </ClInclude>
    <ClInclude Include="Source\Game\config.h">
      <Filter>MyGame</Filter>
    </ClInclude>
    <ClInclude Include="Source\Game\Layout\start.h">
      <Filter>MyGame\Layout</Filter>
    </ClInclude>
    <ClInclude Include="Source\Game\Layout\choose_level.h">
      <Filter>MyGame\Layout</Filter>
    </ClInclude>
    <ClInclude Include="Source\Game\util\button.h">
      <Filter>MyGame\util</Filter>
    </ClInclude>
    <ClInclude Include="Source\Game\Level\level.h">
      <Filter>MyGame\Level</Filter>
    </ClInclude>
    <ClInclude Include="Source\Game\game_status.h">
      <Filter>MyGame</Filter>
    </ClInclude>
    <ClInclude Include="Source\Game\Level\object.h">
      <Filter>MyGame\Level</Filter>
    </ClInclude>
    <ClInclude Include="Source\Game\util\direction.h">
      <Filter>MyGame\util</Filter>
    </ClInclude>
    <ClInclude Include="Source\Game\audio_player.h" />
    <ClInclude Include="Source\Game\switch_scene.h" />
    <ClInclude Include="Source\Game\Level\level_status_animation.h">
      <Filter>MyGame\Level</Filter>
    </ClInclude>
    <ClInclude Include="Source\Game\Level\story.h">
      <Filter>MyGame\Level</Filter>
    </ClInclude>
  </ItemGroup>
  <ItemGroup>
    <ResourceCompile Include="Source\Core\game.rc">
      <Filter>MFC</Filter>
    </ResourceCompile>
  </ItemGroup>
</Project>